// !$*UTF8*$!
{
	archiveVersion = 1;
	classes = {
	};
	objectVersion = 52;
	objects = {

/* Begin PBXBuildFile section */
		4426C62526522CBB00D44E55 /* Individual.swift in Sources */ = {isa = PBXBuildFile; fileRef = 4426C62426522CBB00D44E55 /* Individual.swift */; };
		4426C62D26522D9300D44E55 /* HealthOfficial.swift in Sources */ = {isa = PBXBuildFile; fileRef = 4426C62C26522D9300D44E55 /* HealthOfficial.swift */; };
		4426C6392653AC9800D44E55 /* ReportTestView.swift in Sources */ = {isa = PBXBuildFile; fileRef = 4426C6382653AC9800D44E55 /* ReportTestView.swift */; };
		4426C6412653BBD900D44E55 /* ConductTestView.swift in Sources */ = {isa = PBXBuildFile; fileRef = 4426C6402653BBD900D44E55 /* ConductTestView.swift */; };
		4426C6472653E06D00D44E55 /* CovidTest.swift in Sources */ = {isa = PBXBuildFile; fileRef = 4426C6462653E06D00D44E55 /* CovidTest.swift */; };
		445D8418265611D2005313E2 /* VaccineAdministrationView.swift in Sources */ = {isa = PBXBuildFile; fileRef = 445D8417265611D2005313E2 /* VaccineAdministrationView.swift */; };
		445D841D2656121E005313E2 /* VaccineAdministrationViewModel.swift in Sources */ = {isa = PBXBuildFile; fileRef = 445D841C2656121E005313E2 /* VaccineAdministrationViewModel.swift */; };
		445D8422265612B0005313E2 /* Vaccine.swift in Sources */ = {isa = PBXBuildFile; fileRef = 445D8421265612B0005313E2 /* Vaccine.swift */; };
		445D8427265612C2005313E2 /* VaccineBatch.swift in Sources */ = {isa = PBXBuildFile; fileRef = 445D8426265612C2005313E2 /* VaccineBatch.swift */; };
		445D842C265612D6005313E2 /* Vaccination.swift in Sources */ = {isa = PBXBuildFile; fileRef = 445D842B265612D6005313E2 /* Vaccination.swift */; };
		445D8431265612FF005313E2 /* HealthCentre.swift in Sources */ = {isa = PBXBuildFile; fileRef = 445D8430265612FF005313E2 /* HealthCentre.swift */; };
		445D84362656155A005313E2 /* VaccineIndividualSearchView.swift in Sources */ = {isa = PBXBuildFile; fileRef = 445D84352656155A005313E2 /* VaccineIndividualSearchView.swift */; };
		445D843B265615C3005313E2 /* VaccineIndividualSearchViewModel.swift in Sources */ = {isa = PBXBuildFile; fileRef = 445D843A265615C3005313E2 /* VaccineIndividualSearchViewModel.swift */; };
		445D844026561638005313E2 /* PreviousVaccineView.swift in Sources */ = {isa = PBXBuildFile; fileRef = 445D843F26561638005313E2 /* PreviousVaccineView.swift */; };
		445D844626561D4B005313E2 /* VisitDescription.swift in Sources */ = {isa = PBXBuildFile; fileRef = 445D844526561D4B005313E2 /* VisitDescription.swift */; };
		445D90A9265136B200220E19 /* CodeScanner in Frameworks */ = {isa = PBXBuildFile; productRef = 445D90A8265136B200220E19 /* CodeScanner */; };
		445D90C72651372E00220E19 /* Visit.swift in Sources */ = {isa = PBXBuildFile; fileRef = 445D90C62651372E00220E19 /* Visit.swift */; };
		445D90CC2651376200220E19 /* CheckInViewModel.swift in Sources */ = {isa = PBXBuildFile; fileRef = 445D90CB2651376200220E19 /* CheckInViewModel.swift */; };
		445D90D12651378C00220E19 /* CheckInView.swift in Sources */ = {isa = PBXBuildFile; fileRef = 445D90D02651378C00220E19 /* CheckInView.swift */; };
		445D90D7265138E600220E19 /* BusinessSign.swift in Sources */ = {isa = PBXBuildFile; fileRef = 445D90D6265138E600220E19 /* BusinessSign.swift */; };
		445D90DF265138FB00220E19 /* Business.swift in Sources */ = {isa = PBXBuildFile; fileRef = 445D90DE265138FB00220E19 /* Business.swift */; };
		445D90FD2652184500220E19 /* HealthOfficialView.swift in Sources */ = {isa = PBXBuildFile; fileRef = 445D90FC2652184500220E19 /* HealthOfficialView.swift */; };
		445D9103265219EE00220E19 /* VaccineAdmissionView.swift in Sources */ = {isa = PBXBuildFile; fileRef = 445D9102265219EE00220E19 /* VaccineAdmissionView.swift */; };
		AB2620E72649137700C8831B /* BusinessHomeView.swift in Sources */ = {isa = PBXBuildFile; fileRef = AB2620E62649137700C8831B /* BusinessHomeView.swift */; };
		AB2AAA32264A6EF5009E462E /* LoginOptionsView.swift in Sources */ = {isa = PBXBuildFile; fileRef = AB2AAA31264A6EF5009E462E /* LoginOptionsView.swift */; };
		AB2AAA3A264A6FEA009E462E /* LoginSignupView.swift in Sources */ = {isa = PBXBuildFile; fileRef = AB2AAA39264A6FEA009E462E /* LoginSignupView.swift */; };
		AB2AAA42264A71FA009E462E /* LoadingView.swift in Sources */ = {isa = PBXBuildFile; fileRef = AB2AAA41264A71FA009E462E /* LoadingView.swift */; };
		F24735B22637EC1D00C30BC8 /* AddDependentView.swift in Sources */ = {isa = PBXBuildFile; fileRef = F24735B12637EC1D00C30BC8 /* AddDependentView.swift */; };
		F24735B32637EC1D00C30BC8 /* AddDependentView.swift in Sources */ = {isa = PBXBuildFile; fileRef = F24735B12637EC1D00C30BC8 /* AddDependentView.swift */; };
		F24735B42637EC1D00C30BC8 /* AddDependentView.swift in Sources */ = {isa = PBXBuildFile; fileRef = F24735B12637EC1D00C30BC8 /* AddDependentView.swift */; };
		F261B90D26302BDA00537BA6 /* DependentView.swift in Sources */ = {isa = PBXBuildFile; fileRef = F261B90C26302BDA00537BA6 /* DependentView.swift */; };
		F2868BD7263BB03600F1C5CA /* DependentListModelView.swift in Sources */ = {isa = PBXBuildFile; fileRef = F2868BD6263BB03600F1C5CA /* DependentListModelView.swift */; };
		F2868BD8263BB03600F1C5CA /* DependentListModelView.swift in Sources */ = {isa = PBXBuildFile; fileRef = F2868BD6263BB03600F1C5CA /* DependentListModelView.swift */; };
		F2868BD9263BB03600F1C5CA /* DependentListModelView.swift in Sources */ = {isa = PBXBuildFile; fileRef = F2868BD6263BB03600F1C5CA /* DependentListModelView.swift */; };
		F2868BDE263BB1F100F1C5CA /* DependentModel.swift in Sources */ = {isa = PBXBuildFile; fileRef = F2868BDD263BB1F100F1C5CA /* DependentModel.swift */; };
		F2868BDF263BB1F100F1C5CA /* DependentModel.swift in Sources */ = {isa = PBXBuildFile; fileRef = F2868BDD263BB1F100F1C5CA /* DependentModel.swift */; };
		F2868BE0263BB1F100F1C5CA /* DependentModel.swift in Sources */ = {isa = PBXBuildFile; fileRef = F2868BDD263BB1F100F1C5CA /* DependentModel.swift */; };
		F2868BE5263BB24400F1C5CA /* DependentViewModel.swift in Sources */ = {isa = PBXBuildFile; fileRef = F2868BE4263BB24400F1C5CA /* DependentViewModel.swift */; };
		F2868BE6263BB24400F1C5CA /* DependentViewModel.swift in Sources */ = {isa = PBXBuildFile; fileRef = F2868BE4263BB24400F1C5CA /* DependentViewModel.swift */; };
		F2868BE7263BB24400F1C5CA /* DependentViewModel.swift in Sources */ = {isa = PBXBuildFile; fileRef = F2868BE4263BB24400F1C5CA /* DependentViewModel.swift */; };
		F2868BEF263BB2FF00F1C5CA /* DependentView.swift in Sources */ = {isa = PBXBuildFile; fileRef = F261B90C26302BDA00537BA6 /* DependentView.swift */; };
		F2868BF0263BB2FF00F1C5CA /* DependentView.swift in Sources */ = {isa = PBXBuildFile; fileRef = F261B90C26302BDA00537BA6 /* DependentView.swift */; };
		F2868C04263BB6DC00F1C5CA /* ContentView.swift in Sources */ = {isa = PBXBuildFile; fileRef = F2868C03263BB6DC00F1C5CA /* ContentView.swift */; };
		F2868C05263BB6DC00F1C5CA /* ContentView.swift in Sources */ = {isa = PBXBuildFile; fileRef = F2868C03263BB6DC00F1C5CA /* ContentView.swift */; };
		F2868C06263BB6DC00F1C5CA /* ContentView.swift in Sources */ = {isa = PBXBuildFile; fileRef = F2868C03263BB6DC00F1C5CA /* ContentView.swift */; };
		F2A5762A263AFEBF0077AA90 /* FirebaseFirestoreSwift-Beta in Frameworks */ = {isa = PBXBuildFile; productRef = F2A57629263AFEBF0077AA90 /* FirebaseFirestoreSwift-Beta */; };
		F2A5762C263AFEBF0077AA90 /* FirebaseStorage in Frameworks */ = {isa = PBXBuildFile; productRef = F2A5762B263AFEBF0077AA90 /* FirebaseStorage */; };
		F2A5762E263AFEBF0077AA90 /* FirebaseAuth in Frameworks */ = {isa = PBXBuildFile; productRef = F2A5762D263AFEBF0077AA90 /* FirebaseAuth */; };
		F2A57630263AFEBF0077AA90 /* FirebaseFirestore in Frameworks */ = {isa = PBXBuildFile; productRef = F2A5762F263AFEBF0077AA90 /* FirebaseFirestore */; };
		F2A57632263AFEBF0077AA90 /* FirebaseStorageSwift-Beta in Frameworks */ = {isa = PBXBuildFile; productRef = F2A57631263AFEBF0077AA90 /* FirebaseStorageSwift-Beta */; };
		F2CAE17F263BBE9A0010D29C /* HomeView.swift in Sources */ = {isa = PBXBuildFile; fileRef = F2CAE17D263BBE9A0010D29C /* HomeView.swift */; };
		F2CAE180263BBE9A0010D29C /* HomeView.swift in Sources */ = {isa = PBXBuildFile; fileRef = F2CAE17D263BBE9A0010D29C /* HomeView.swift */; };
		F2CAE181263BBE9A0010D29C /* HomeView.swift in Sources */ = {isa = PBXBuildFile; fileRef = F2CAE17D263BBE9A0010D29C /* HomeView.swift */; };
		F2CAE182263BBE9A0010D29C /* SwiftUIView.swift in Sources */ = {isa = PBXBuildFile; fileRef = F2CAE17E263BBE9A0010D29C /* SwiftUIView.swift */; };
		F2CAE183263BBE9A0010D29C /* SwiftUIView.swift in Sources */ = {isa = PBXBuildFile; fileRef = F2CAE17E263BBE9A0010D29C /* SwiftUIView.swift */; };
		F2CAE184263BBE9A0010D29C /* SwiftUIView.swift in Sources */ = {isa = PBXBuildFile; fileRef = F2CAE17E263BBE9A0010D29C /* SwiftUIView.swift */; };
		F2CAE191263BBEDA0010D29C /* LoginViewModel.swift in Sources */ = {isa = PBXBuildFile; fileRef = F2CAE18F263BBEDA0010D29C /* LoginViewModel.swift */; };
		F2CAE1A0263BBEED0010D29C /* SignupViewModel.swift in Sources */ = {isa = PBXBuildFile; fileRef = F2CAE19E263BBEEC0010D29C /* SignupViewModel.swift */; };
		F2CAE1AA263BBF130010D29C /* User.swift in Sources */ = {isa = PBXBuildFile; fileRef = F2CAE1A9263BBF130010D29C /* User.swift */; };
		F2CAE1AB263BBF130010D29C /* User.swift in Sources */ = {isa = PBXBuildFile; fileRef = F2CAE1A9263BBF130010D29C /* User.swift */; };
		F2CAE1AC263BBF130010D29C /* User.swift in Sources */ = {isa = PBXBuildFile; fileRef = F2CAE1A9263BBF130010D29C /* User.swift */; };
		F2CAE1B1263BCD0E0010D29C /* GoogleService-Info.plist in Resources */ = {isa = PBXBuildFile; fileRef = F2CAE1B0263BCD0E0010D29C /* GoogleService-Info.plist */; };
		F2CAE1B2263BCD0E0010D29C /* GoogleService-Info.plist in Resources */ = {isa = PBXBuildFile; fileRef = F2CAE1B0263BCD0E0010D29C /* GoogleService-Info.plist */; };
		F2CAE1B3263BCD0E0010D29C /* GoogleService-Info.plist in Resources */ = {isa = PBXBuildFile; fileRef = F2CAE1B0263BCD0E0010D29C /* GoogleService-Info.plist */; };
		F2E02C86260B75FE00B115DF /* COVID_APPApp.swift in Sources */ = {isa = PBXBuildFile; fileRef = F2E02C85260B75FD00B115DF /* COVID_APPApp.swift */; };
		F2E02C8A260B760100B115DF /* Assets.xcassets in Resources */ = {isa = PBXBuildFile; fileRef = F2E02C89260B760100B115DF /* Assets.xcassets */; };
		F2E02C8D260B760100B115DF /* Preview Assets.xcassets in Resources */ = {isa = PBXBuildFile; fileRef = F2E02C8C260B760100B115DF /* Preview Assets.xcassets */; };
		F2E02C98260B760100B115DF /* COVID_APPTests.swift in Sources */ = {isa = PBXBuildFile; fileRef = F2E02C97260B760100B115DF /* COVID_APPTests.swift */; };
		F2E02CA3260B760100B115DF /* COVID_APPUITests.swift in Sources */ = {isa = PBXBuildFile; fileRef = F2E02CA2260B760100B115DF /* COVID_APPUITests.swift */; };
/* End PBXBuildFile section */

/* Begin PBXContainerItemProxy section */
		F2E02C94260B760100B115DF /* PBXContainerItemProxy */ = {
			isa = PBXContainerItemProxy;
			containerPortal = F2E02C7A260B75FD00B115DF /* Project object */;
			proxyType = 1;
			remoteGlobalIDString = F2E02C81260B75FD00B115DF;
			remoteInfo = "COVID-APP";
		};
		F2E02C9F260B760100B115DF /* PBXContainerItemProxy */ = {
			isa = PBXContainerItemProxy;
			containerPortal = F2E02C7A260B75FD00B115DF /* Project object */;
			proxyType = 1;
			remoteGlobalIDString = F2E02C81260B75FD00B115DF;
			remoteInfo = "COVID-APP";
		};
/* End PBXContainerItemProxy section */

/* Begin PBXFileReference section */
		4426C62426522CBB00D44E55 /* Individual.swift */ = {isa = PBXFileReference; lastKnownFileType = sourcecode.swift; path = Individual.swift; sourceTree = "<group>"; };
		4426C62C26522D9300D44E55 /* HealthOfficial.swift */ = {isa = PBXFileReference; lastKnownFileType = sourcecode.swift; path = HealthOfficial.swift; sourceTree = "<group>"; };
		4426C6382653AC9800D44E55 /* ReportTestView.swift */ = {isa = PBXFileReference; lastKnownFileType = sourcecode.swift; path = ReportTestView.swift; sourceTree = "<group>"; };
		4426C6402653BBD900D44E55 /* ConductTestView.swift */ = {isa = PBXFileReference; lastKnownFileType = sourcecode.swift; path = ConductTestView.swift; sourceTree = "<group>"; };
		4426C6462653E06D00D44E55 /* CovidTest.swift */ = {isa = PBXFileReference; lastKnownFileType = sourcecode.swift; path = CovidTest.swift; sourceTree = "<group>"; };
		445D8417265611D2005313E2 /* VaccineAdministrationView.swift */ = {isa = PBXFileReference; lastKnownFileType = sourcecode.swift; path = VaccineAdministrationView.swift; sourceTree = "<group>"; };
		445D841C2656121E005313E2 /* VaccineAdministrationViewModel.swift */ = {isa = PBXFileReference; lastKnownFileType = sourcecode.swift; path = VaccineAdministrationViewModel.swift; sourceTree = "<group>"; };
		445D8421265612B0005313E2 /* Vaccine.swift */ = {isa = PBXFileReference; lastKnownFileType = sourcecode.swift; path = Vaccine.swift; sourceTree = "<group>"; };
		445D8426265612C2005313E2 /* VaccineBatch.swift */ = {isa = PBXFileReference; lastKnownFileType = sourcecode.swift; path = VaccineBatch.swift; sourceTree = "<group>"; };
		445D842B265612D6005313E2 /* Vaccination.swift */ = {isa = PBXFileReference; lastKnownFileType = sourcecode.swift; path = Vaccination.swift; sourceTree = "<group>"; };
		445D8430265612FF005313E2 /* HealthCentre.swift */ = {isa = PBXFileReference; lastKnownFileType = sourcecode.swift; path = HealthCentre.swift; sourceTree = "<group>"; };
		445D84352656155A005313E2 /* VaccineIndividualSearchView.swift */ = {isa = PBXFileReference; lastKnownFileType = sourcecode.swift; path = VaccineIndividualSearchView.swift; sourceTree = "<group>"; };
		445D843A265615C3005313E2 /* VaccineIndividualSearchViewModel.swift */ = {isa = PBXFileReference; lastKnownFileType = sourcecode.swift; path = VaccineIndividualSearchViewModel.swift; sourceTree = "<group>"; };
		445D843F26561638005313E2 /* PreviousVaccineView.swift */ = {isa = PBXFileReference; lastKnownFileType = sourcecode.swift; path = PreviousVaccineView.swift; sourceTree = "<group>"; };
		445D844526561D4B005313E2 /* VisitDescription.swift */ = {isa = PBXFileReference; lastKnownFileType = sourcecode.swift; path = VisitDescription.swift; sourceTree = "<group>"; };
		445D90C62651372E00220E19 /* Visit.swift */ = {isa = PBXFileReference; lastKnownFileType = sourcecode.swift; path = Visit.swift; sourceTree = "<group>"; };
		445D90CB2651376200220E19 /* CheckInViewModel.swift */ = {isa = PBXFileReference; lastKnownFileType = sourcecode.swift; path = CheckInViewModel.swift; sourceTree = "<group>"; };
		445D90D02651378C00220E19 /* CheckInView.swift */ = {isa = PBXFileReference; lastKnownFileType = sourcecode.swift; path = CheckInView.swift; sourceTree = "<group>"; };
		445D90D6265138E600220E19 /* BusinessSign.swift */ = {isa = PBXFileReference; lastKnownFileType = sourcecode.swift; path = BusinessSign.swift; sourceTree = "<group>"; };
		445D90DE265138FB00220E19 /* Business.swift */ = {isa = PBXFileReference; lastKnownFileType = sourcecode.swift; path = Business.swift; sourceTree = "<group>"; };
		445D90FC2652184500220E19 /* HealthOfficialView.swift */ = {isa = PBXFileReference; lastKnownFileType = sourcecode.swift; path = HealthOfficialView.swift; sourceTree = "<group>"; };
		445D9102265219EE00220E19 /* VaccineAdmissionView.swift */ = {isa = PBXFileReference; lastKnownFileType = sourcecode.swift; path = VaccineAdmissionView.swift; sourceTree = "<group>"; };
		AB2620E62649137700C8831B /* BusinessHomeView.swift */ = {isa = PBXFileReference; lastKnownFileType = sourcecode.swift; path = BusinessHomeView.swift; sourceTree = "<group>"; };
		AB2AAA31264A6EF5009E462E /* LoginOptionsView.swift */ = {isa = PBXFileReference; lastKnownFileType = sourcecode.swift; path = LoginOptionsView.swift; sourceTree = "<group>"; };
		AB2AAA39264A6FEA009E462E /* LoginSignupView.swift */ = {isa = PBXFileReference; lastKnownFileType = sourcecode.swift; path = LoginSignupView.swift; sourceTree = "<group>"; };
		AB2AAA41264A71FA009E462E /* LoadingView.swift */ = {isa = PBXFileReference; lastKnownFileType = sourcecode.swift; path = LoadingView.swift; sourceTree = "<group>"; };
		F24735B12637EC1D00C30BC8 /* AddDependentView.swift */ = {isa = PBXFileReference; lastKnownFileType = sourcecode.swift; path = AddDependentView.swift; sourceTree = "<group>"; };
		F261B90C26302BDA00537BA6 /* DependentView.swift */ = {isa = PBXFileReference; lastKnownFileType = sourcecode.swift; path = DependentView.swift; sourceTree = "<group>"; };
		F2868BD6263BB03600F1C5CA /* DependentListModelView.swift */ = {isa = PBXFileReference; lastKnownFileType = sourcecode.swift; path = DependentListModelView.swift; sourceTree = "<group>"; };
		F2868BDD263BB1F100F1C5CA /* DependentModel.swift */ = {isa = PBXFileReference; lastKnownFileType = sourcecode.swift; path = DependentModel.swift; sourceTree = "<group>"; };
		F2868BE4263BB24400F1C5CA /* DependentViewModel.swift */ = {isa = PBXFileReference; lastKnownFileType = sourcecode.swift; path = DependentViewModel.swift; sourceTree = "<group>"; };
		F2868C03263BB6DC00F1C5CA /* ContentView.swift */ = {isa = PBXFileReference; lastKnownFileType = sourcecode.swift; path = ContentView.swift; sourceTree = "<group>"; };
		F2CAE17D263BBE9A0010D29C /* HomeView.swift */ = {isa = PBXFileReference; fileEncoding = 4; lastKnownFileType = sourcecode.swift; path = HomeView.swift; sourceTree = "<group>"; };
		F2CAE17E263BBE9A0010D29C /* SwiftUIView.swift */ = {isa = PBXFileReference; fileEncoding = 4; lastKnownFileType = sourcecode.swift; path = SwiftUIView.swift; sourceTree = "<group>"; };
		F2CAE18F263BBEDA0010D29C /* LoginViewModel.swift */ = {isa = PBXFileReference; fileEncoding = 4; lastKnownFileType = sourcecode.swift; path = LoginViewModel.swift; sourceTree = "<group>"; };
		F2CAE19E263BBEEC0010D29C /* SignupViewModel.swift */ = {isa = PBXFileReference; fileEncoding = 4; lastKnownFileType = sourcecode.swift; path = SignupViewModel.swift; sourceTree = "<group>"; };
		F2CAE1A9263BBF130010D29C /* User.swift */ = {isa = PBXFileReference; fileEncoding = 4; lastKnownFileType = sourcecode.swift; path = User.swift; sourceTree = "<group>"; };
		F2CAE1B0263BCD0E0010D29C /* GoogleService-Info.plist */ = {isa = PBXFileReference; fileEncoding = 4; lastKnownFileType = text.plist.xml; path = "GoogleService-Info.plist"; sourceTree = "<group>"; };
		F2E02C82260B75FD00B115DF /* COVID-APP.app */ = {isa = PBXFileReference; explicitFileType = wrapper.application; includeInIndex = 0; path = "COVID-APP.app"; sourceTree = BUILT_PRODUCTS_DIR; };
		F2E02C85260B75FD00B115DF /* COVID_APPApp.swift */ = {isa = PBXFileReference; lastKnownFileType = sourcecode.swift; path = COVID_APPApp.swift; sourceTree = "<group>"; };
		F2E02C89260B760100B115DF /* Assets.xcassets */ = {isa = PBXFileReference; lastKnownFileType = folder.assetcatalog; path = Assets.xcassets; sourceTree = "<group>"; };
		F2E02C8C260B760100B115DF /* Preview Assets.xcassets */ = {isa = PBXFileReference; lastKnownFileType = folder.assetcatalog; path = "Preview Assets.xcassets"; sourceTree = "<group>"; };
		F2E02C8E260B760100B115DF /* Info.plist */ = {isa = PBXFileReference; lastKnownFileType = text.plist.xml; path = Info.plist; sourceTree = "<group>"; };
		F2E02C93260B760100B115DF /* COVID-APPTests.xctest */ = {isa = PBXFileReference; explicitFileType = wrapper.cfbundle; includeInIndex = 0; path = "COVID-APPTests.xctest"; sourceTree = BUILT_PRODUCTS_DIR; };
		F2E02C97260B760100B115DF /* COVID_APPTests.swift */ = {isa = PBXFileReference; lastKnownFileType = sourcecode.swift; path = COVID_APPTests.swift; sourceTree = "<group>"; };
		F2E02C99260B760100B115DF /* Info.plist */ = {isa = PBXFileReference; lastKnownFileType = text.plist.xml; path = Info.plist; sourceTree = "<group>"; };
		F2E02C9E260B760100B115DF /* COVID-APPUITests.xctest */ = {isa = PBXFileReference; explicitFileType = wrapper.cfbundle; includeInIndex = 0; path = "COVID-APPUITests.xctest"; sourceTree = BUILT_PRODUCTS_DIR; };
		F2E02CA2260B760100B115DF /* COVID_APPUITests.swift */ = {isa = PBXFileReference; lastKnownFileType = sourcecode.swift; path = COVID_APPUITests.swift; sourceTree = "<group>"; };
		F2E02CA4260B760100B115DF /* Info.plist */ = {isa = PBXFileReference; lastKnownFileType = text.plist.xml; path = Info.plist; sourceTree = "<group>"; };
/* End PBXFileReference section */

/* Begin PBXFrameworksBuildPhase section */
		F2E02C7F260B75FD00B115DF /* Frameworks */ = {
			isa = PBXFrameworksBuildPhase;
			buildActionMask = 2147483647;
			files = (
				F2A57632263AFEBF0077AA90 /* FirebaseStorageSwift-Beta in Frameworks */,
				F2A5762A263AFEBF0077AA90 /* FirebaseFirestoreSwift-Beta in Frameworks */,
				445D90A9265136B200220E19 /* CodeScanner in Frameworks */,
				F2A57630263AFEBF0077AA90 /* FirebaseFirestore in Frameworks */,
				F2A5762E263AFEBF0077AA90 /* FirebaseAuth in Frameworks */,
				F2A5762C263AFEBF0077AA90 /* FirebaseStorage in Frameworks */,
			);
			runOnlyForDeploymentPostprocessing = 0;
		};
		F2E02C90260B760100B115DF /* Frameworks */ = {
			isa = PBXFrameworksBuildPhase;
			buildActionMask = 2147483647;
			files = (
			);
			runOnlyForDeploymentPostprocessing = 0;
		};
		F2E02C9B260B760100B115DF /* Frameworks */ = {
			isa = PBXFrameworksBuildPhase;
			buildActionMask = 2147483647;
			files = (
			);
			runOnlyForDeploymentPostprocessing = 0;
		};
/* End PBXFrameworksBuildPhase section */

/* Begin PBXGroup section */
		4426C6232652298400D44E55 /* Model */ = {
			isa = PBXGroup;
			children = (
				445D8421265612B0005313E2 /* Vaccine.swift */,
				445D8426265612C2005313E2 /* VaccineBatch.swift */,
				445D842B265612D6005313E2 /* Vaccination.swift */,
				445D8430265612FF005313E2 /* HealthCentre.swift */,
			);
			path = Model;
			sourceTree = "<group>";
		};
		4426C6372653ABF600D44E55 /* TestingHealthOfficial */ = {
			isa = PBXGroup;
			children = (
				4426C6452653E03400D44E55 /* Model */,
				4426C6382653AC9800D44E55 /* ReportTestView.swift */,
				4426C6402653BBD900D44E55 /* ConductTestView.swift */,
			);
			path = TestingHealthOfficial;
			sourceTree = "<group>";
		};
		4426C6452653E03400D44E55 /* Model */ = {
			isa = PBXGroup;
			children = (
				4426C6462653E06D00D44E55 /* CovidTest.swift */,
			);
			path = Model;
			sourceTree = "<group>";
		};
		445D84152656115E005313E2 /* View */ = {
			isa = PBXGroup;
			children = (
				445D8417265611D2005313E2 /* VaccineAdministrationView.swift */,
				445D84352656155A005313E2 /* VaccineIndividualSearchView.swift */,
				445D843F26561638005313E2 /* PreviousVaccineView.swift */,
			);
			path = View;
			sourceTree = "<group>";
		};
		445D841626561168005313E2 /* ViewModel */ = {
			isa = PBXGroup;
			children = (
				445D841C2656121E005313E2 /* VaccineAdministrationViewModel.swift */,
				445D843A265615C3005313E2 /* VaccineIndividualSearchViewModel.swift */,
			);
			path = ViewModel;
			sourceTree = "<group>";
		};
		445D90AD265136DA00220E19 /* Check-in */ = {
			isa = PBXGroup;
			children = (
				445D90BF2651370500220E19 /* Model */,
				445D90B8265136F800220E19 /* ViewModel */,
				445D90B4265136E900220E19 /* View */,
			);
			path = "Check-in";
			sourceTree = "<group>";
		};
		445D90B4265136E900220E19 /* View */ = {
			isa = PBXGroup;
			children = (
				445D90D02651378C00220E19 /* CheckInView.swift */,
			);
			path = View;
			sourceTree = "<group>";
		};
		445D90B8265136F800220E19 /* ViewModel */ = {
			isa = PBXGroup;
			children = (
				445D90CB2651376200220E19 /* CheckInViewModel.swift */,
			);
			path = ViewModel;
			sourceTree = "<group>";
		};
		445D90BF2651370500220E19 /* Model */ = {
			isa = PBXGroup;
			children = (
				445D90C62651372E00220E19 /* Visit.swift */,
				445D844526561D4B005313E2 /* VisitDescription.swift */,
			);
			path = Model;
			sourceTree = "<group>";
		};
		445D90D5265138C000220E19 /* Model */ = {
			isa = PBXGroup;
			children = (
				445D90D6265138E600220E19 /* BusinessSign.swift */,
				445D90DE265138FB00220E19 /* Business.swift */,
				4426C62426522CBB00D44E55 /* Individual.swift */,
				4426C62C26522D9300D44E55 /* HealthOfficial.swift */,
			);
			path = Model;
			sourceTree = "<group>";
		};
		445D9101265219C800220E19 /* VaccineAdmission */ = {
			isa = PBXGroup;
			children = (
				445D841626561168005313E2 /* ViewModel */,
				445D84152656115E005313E2 /* View */,
				4426C6232652298400D44E55 /* Model */,
				445D9102265219EE00220E19 /* VaccineAdmissionView.swift */,
			);
			path = VaccineAdmission;
			sourceTree = "<group>";
		};
		AB2AAA30264A6E44009E462E /* SignupAndLogin */ = {
			isa = PBXGroup;
			children = (
				F2CAE19E263BBEEC0010D29C /* SignupViewModel.swift */,
				F2CAE18F263BBEDA0010D29C /* LoginViewModel.swift */,
				AB2AAA31264A6EF5009E462E /* LoginOptionsView.swift */,
				AB2AAA39264A6FEA009E462E /* LoginSignupView.swift */,
			);
			path = SignupAndLogin;
			sourceTree = "<group>";
		};
		F2868BEB263BB25100F1C5CA /* Views */ = {
			isa = PBXGroup;
			children = (
				F261B90C26302BDA00537BA6 /* DependentView.swift */,
				F24735B12637EC1D00C30BC8 /* AddDependentView.swift */,
			);
			path = Views;
			sourceTree = "<group>";
		};
		F2868BF7263BB31800F1C5CA /* ViewModel */ = {
			isa = PBXGroup;
			children = (
				F2868BE4263BB24400F1C5CA /* DependentViewModel.swift */,
				F2868BD6263BB03600F1C5CA /* DependentListModelView.swift */,
			);
			path = ViewModel;
			sourceTree = "<group>";
		};
		F2868BFB263BB3EC00F1C5CA /* Model */ = {
			isa = PBXGroup;
			children = (
				F2868BDD263BB1F100F1C5CA /* DependentModel.swift */,
			);
			path = Model;
			sourceTree = "<group>";
		};
		F2868BFC263BB40600F1C5CA /* Dependents */ = {
			isa = PBXGroup;
			children = (
				F2868BEB263BB25100F1C5CA /* Views */,
				F2868BF7263BB31800F1C5CA /* ViewModel */,
				F2868BFB263BB3EC00F1C5CA /* Model */,
			);
			path = Dependents;
			sourceTree = "<group>";
		};
		F2CAE17C263BBE9A0010D29C /* Home */ = {
			isa = PBXGroup;
			children = (
				F2CAE17D263BBE9A0010D29C /* HomeView.swift */,
				F2CAE17E263BBE9A0010D29C /* SwiftUIView.swift */,
				AB2620E62649137700C8831B /* BusinessHomeView.swift */,
				445D90FC2652184500220E19 /* HealthOfficialView.swift */,
			);
			path = Home;
			sourceTree = "<group>";
		};
		F2E02C79260B75FD00B115DF = {
			isa = PBXGroup;
			children = (
				F2E02C84260B75FD00B115DF /* COVID-APP */,
				F2E02C96260B760100B115DF /* COVID-APPTests */,
				F2E02CA1260B760100B115DF /* COVID-APPUITests */,
				F2E02C83260B75FD00B115DF /* Products */,
			);
			sourceTree = "<group>";
		};
		F2E02C83260B75FD00B115DF /* Products */ = {
			isa = PBXGroup;
			children = (
				F2E02C82260B75FD00B115DF /* COVID-APP.app */,
				F2E02C93260B760100B115DF /* COVID-APPTests.xctest */,
				F2E02C9E260B760100B115DF /* COVID-APPUITests.xctest */,
			);
			name = Products;
			sourceTree = "<group>";
		};
		F2E02C84260B75FD00B115DF /* COVID-APP */ = {
			isa = PBXGroup;
			children = (
				4426C6372653ABF600D44E55 /* TestingHealthOfficial */,
				445D9101265219C800220E19 /* VaccineAdmission */,
				445D90D5265138C000220E19 /* Model */,
				445D90AD265136DA00220E19 /* Check-in */,
				F2CAE1B0263BCD0E0010D29C /* GoogleService-Info.plist */,
				AB2AAA41264A71FA009E462E /* LoadingView.swift */,
				AB2AAA30264A6E44009E462E /* SignupAndLogin */,
				F2CAE1A9263BBF130010D29C /* User.swift */,
				F2CAE17C263BBE9A0010D29C /* Home */,
				F2868C03263BB6DC00F1C5CA /* ContentView.swift */,
				F2868BFC263BB40600F1C5CA /* Dependents */,
				F2E02C85260B75FD00B115DF /* COVID_APPApp.swift */,
				F2E02C89260B760100B115DF /* Assets.xcassets */,
				F2E02C8E260B760100B115DF /* Info.plist */,
				F2E02C8B260B760100B115DF /* Preview Content */,
			);
			path = "COVID-APP";
			sourceTree = "<group>";
		};
		F2E02C8B260B760100B115DF /* Preview Content */ = {
			isa = PBXGroup;
			children = (
				F2E02C8C260B760100B115DF /* Preview Assets.xcassets */,
			);
			path = "Preview Content";
			sourceTree = "<group>";
		};
		F2E02C96260B760100B115DF /* COVID-APPTests */ = {
			isa = PBXGroup;
			children = (
				F2E02C97260B760100B115DF /* COVID_APPTests.swift */,
				F2E02C99260B760100B115DF /* Info.plist */,
			);
			path = "COVID-APPTests";
			sourceTree = "<group>";
		};
		F2E02CA1260B760100B115DF /* COVID-APPUITests */ = {
			isa = PBXGroup;
			children = (
				F2E02CA2260B760100B115DF /* COVID_APPUITests.swift */,
				F2E02CA4260B760100B115DF /* Info.plist */,
			);
			path = "COVID-APPUITests";
			sourceTree = "<group>";
		};
/* End PBXGroup section */

/* Begin PBXNativeTarget section */
		F2E02C81260B75FD00B115DF /* COVID-APP */ = {
			isa = PBXNativeTarget;
			buildConfigurationList = F2E02CA7260B760100B115DF /* Build configuration list for PBXNativeTarget "COVID-APP" */;
			buildPhases = (
				F2E02C7E260B75FD00B115DF /* Sources */,
				F2E02C7F260B75FD00B115DF /* Frameworks */,
				F2E02C80260B75FD00B115DF /* Resources */,
			);
			buildRules = (
			);
			dependencies = (
			);
			name = "COVID-APP";
			packageProductDependencies = (
				F2A57629263AFEBF0077AA90 /* FirebaseFirestoreSwift-Beta */,
				F2A5762B263AFEBF0077AA90 /* FirebaseStorage */,
				F2A5762D263AFEBF0077AA90 /* FirebaseAuth */,
				F2A5762F263AFEBF0077AA90 /* FirebaseFirestore */,
				F2A57631263AFEBF0077AA90 /* FirebaseStorageSwift-Beta */,
				445D90A8265136B200220E19 /* CodeScanner */,
			);
			productName = "COVID-APP";
			productReference = F2E02C82260B75FD00B115DF /* COVID-APP.app */;
			productType = "com.apple.product-type.application";
		};
		F2E02C92260B760100B115DF /* COVID-APPTests */ = {
			isa = PBXNativeTarget;
			buildConfigurationList = F2E02CAA260B760100B115DF /* Build configuration list for PBXNativeTarget "COVID-APPTests" */;
			buildPhases = (
				F2E02C8F260B760100B115DF /* Sources */,
				F2E02C90260B760100B115DF /* Frameworks */,
				F2E02C91260B760100B115DF /* Resources */,
			);
			buildRules = (
			);
			dependencies = (
				F2E02C95260B760100B115DF /* PBXTargetDependency */,
			);
			name = "COVID-APPTests";
			productName = "COVID-APPTests";
			productReference = F2E02C93260B760100B115DF /* COVID-APPTests.xctest */;
			productType = "com.apple.product-type.bundle.unit-test";
		};
		F2E02C9D260B760100B115DF /* COVID-APPUITests */ = {
			isa = PBXNativeTarget;
			buildConfigurationList = F2E02CAD260B760100B115DF /* Build configuration list for PBXNativeTarget "COVID-APPUITests" */;
			buildPhases = (
				F2E02C9A260B760100B115DF /* Sources */,
				F2E02C9B260B760100B115DF /* Frameworks */,
				F2E02C9C260B760100B115DF /* Resources */,
			);
			buildRules = (
			);
			dependencies = (
				F2E02CA0260B760100B115DF /* PBXTargetDependency */,
			);
			name = "COVID-APPUITests";
			productName = "COVID-APPUITests";
			productReference = F2E02C9E260B760100B115DF /* COVID-APPUITests.xctest */;
			productType = "com.apple.product-type.bundle.ui-testing";
		};
/* End PBXNativeTarget section */

/* Begin PBXProject section */
		F2E02C7A260B75FD00B115DF /* Project object */ = {
			isa = PBXProject;
			attributes = {
				LastSwiftUpdateCheck = 1240;
				LastUpgradeCheck = 1240;
				TargetAttributes = {
					F2E02C81260B75FD00B115DF = {
						CreatedOnToolsVersion = 12.4;
					};
					F2E02C92260B760100B115DF = {
						CreatedOnToolsVersion = 12.4;
						TestTargetID = F2E02C81260B75FD00B115DF;
					};
					F2E02C9D260B760100B115DF = {
						CreatedOnToolsVersion = 12.4;
						TestTargetID = F2E02C81260B75FD00B115DF;
					};
				};
			};
			buildConfigurationList = F2E02C7D260B75FD00B115DF /* Build configuration list for PBXProject "COVID-APP" */;
			compatibilityVersion = "Xcode 9.3";
			developmentRegion = en;
			hasScannedForEncodings = 0;
			knownRegions = (
				en,
				Base,
			);
			mainGroup = F2E02C79260B75FD00B115DF;
			packageReferences = (
				F2A57628263AFEBF0077AA90 /* XCRemoteSwiftPackageReference "firebase-ios-sdk" */,
				445D90A7265136B200220E19 /* XCRemoteSwiftPackageReference "CodeScanner" */,
			);
			productRefGroup = F2E02C83260B75FD00B115DF /* Products */;
			projectDirPath = "";
			projectRoot = "";
			targets = (
				F2E02C81260B75FD00B115DF /* COVID-APP */,
				F2E02C92260B760100B115DF /* COVID-APPTests */,
				F2E02C9D260B760100B115DF /* COVID-APPUITests */,
			);
		};
/* End PBXProject section */

/* Begin PBXResourcesBuildPhase section */
		F2E02C80260B75FD00B115DF /* Resources */ = {
			isa = PBXResourcesBuildPhase;
			buildActionMask = 2147483647;
			files = (
				F2E02C8D260B760100B115DF /* Preview Assets.xcassets in Resources */,
				F2E02C8A260B760100B115DF /* Assets.xcassets in Resources */,
				F2CAE1B1263BCD0E0010D29C /* GoogleService-Info.plist in Resources */,
			);
			runOnlyForDeploymentPostprocessing = 0;
		};
		F2E02C91260B760100B115DF /* Resources */ = {
			isa = PBXResourcesBuildPhase;
			buildActionMask = 2147483647;
			files = (
				F2CAE1B2263BCD0E0010D29C /* GoogleService-Info.plist in Resources */,
			);
			runOnlyForDeploymentPostprocessing = 0;
		};
		F2E02C9C260B760100B115DF /* Resources */ = {
			isa = PBXResourcesBuildPhase;
			buildActionMask = 2147483647;
			files = (
				F2CAE1B3263BCD0E0010D29C /* GoogleService-Info.plist in Resources */,
			);
			runOnlyForDeploymentPostprocessing = 0;
		};
/* End PBXResourcesBuildPhase section */

/* Begin PBXSourcesBuildPhase section */
		F2E02C7E260B75FD00B115DF /* Sources */ = {
			isa = PBXSourcesBuildPhase;
			buildActionMask = 2147483647;
			files = (
				445D84362656155A005313E2 /* VaccineIndividualSearchView.swift in Sources */,
				AB2AAA3A264A6FEA009E462E /* LoginSignupView.swift in Sources */,
				F261B90D26302BDA00537BA6 /* DependentView.swift in Sources */,
				445D844026561638005313E2 /* PreviousVaccineView.swift in Sources */,
				4426C62D26522D9300D44E55 /* HealthOfficial.swift in Sources */,
				AB2620E72649137700C8831B /* BusinessHomeView.swift in Sources */,
				445D90C72651372E00220E19 /* Visit.swift in Sources */,
				F2868BD7263BB03600F1C5CA /* DependentListModelView.swift in Sources */,
				F2CAE182263BBE9A0010D29C /* SwiftUIView.swift in Sources */,
				445D842C265612D6005313E2 /* Vaccination.swift in Sources */,
				F2868C04263BB6DC00F1C5CA /* ContentView.swift in Sources */,
				445D8427265612C2005313E2 /* VaccineBatch.swift in Sources */,
				F2868BDE263BB1F100F1C5CA /* DependentModel.swift in Sources */,
				445D90D12651378C00220E19 /* CheckInView.swift in Sources */,
				445D90CC2651376200220E19 /* CheckInViewModel.swift in Sources */,
				445D90D7265138E600220E19 /* BusinessSign.swift in Sources */,
				445D844626561D4B005313E2 /* VisitDescription.swift in Sources */,
				F24735B22637EC1D00C30BC8 /* AddDependentView.swift in Sources */,
				4426C62526522CBB00D44E55 /* Individual.swift in Sources */,
				445D8431265612FF005313E2 /* HealthCentre.swift in Sources */,
				F2CAE1AA263BBF130010D29C /* User.swift in Sources */,
				445D90FD2652184500220E19 /* HealthOfficialView.swift in Sources */,
				AB2AAA32264A6EF5009E462E /* LoginOptionsView.swift in Sources */,
				F2CAE1A0263BBEED0010D29C /* SignupViewModel.swift in Sources */,
				445D90DF265138FB00220E19 /* Business.swift in Sources */,
				4426C6412653BBD900D44E55 /* ConductTestView.swift in Sources */,
				F2CAE17F263BBE9A0010D29C /* HomeView.swift in Sources */,
				F2E02C86260B75FE00B115DF /* COVID_APPApp.swift in Sources */,
				F2CAE191263BBEDA0010D29C /* LoginViewModel.swift in Sources */,
				445D9103265219EE00220E19 /* VaccineAdmissionView.swift in Sources */,
				F2868BE5263BB24400F1C5CA /* DependentViewModel.swift in Sources */,
				445D843B265615C3005313E2 /* VaccineIndividualSearchViewModel.swift in Sources */,
				4426C6392653AC9800D44E55 /* ReportTestView.swift in Sources */,
				AB2AAA42264A71FA009E462E /* LoadingView.swift in Sources */,
				445D8418265611D2005313E2 /* VaccineAdministrationView.swift in Sources */,
				445D841D2656121E005313E2 /* VaccineAdministrationViewModel.swift in Sources */,
				4426C6472653E06D00D44E55 /* CovidTest.swift in Sources */,
				445D8422265612B0005313E2 /* Vaccine.swift in Sources */,
			);
			runOnlyForDeploymentPostprocessing = 0;
		};
		F2E02C8F260B760100B115DF /* Sources */ = {
			isa = PBXSourcesBuildPhase;
			buildActionMask = 2147483647;
			files = (
				F2868BEF263BB2FF00F1C5CA /* DependentView.swift in Sources */,
				F2868BD8263BB03600F1C5CA /* DependentListModelView.swift in Sources */,
				F2CAE183263BBE9A0010D29C /* SwiftUIView.swift in Sources */,
				F2868C05263BB6DC00F1C5CA /* ContentView.swift in Sources */,
				F24735B32637EC1D00C30BC8 /* AddDependentView.swift in Sources */,
				F2E02C98260B760100B115DF /* COVID_APPTests.swift in Sources */,
				F2CAE1AB263BBF130010D29C /* User.swift in Sources */,
				F2CAE180263BBE9A0010D29C /* HomeView.swift in Sources */,
				F2868BDF263BB1F100F1C5CA /* DependentModel.swift in Sources */,
				F2868BE6263BB24400F1C5CA /* DependentViewModel.swift in Sources */,
			);
			runOnlyForDeploymentPostprocessing = 0;
		};
		F2E02C9A260B760100B115DF /* Sources */ = {
			isa = PBXSourcesBuildPhase;
			buildActionMask = 2147483647;
			files = (
				F2868BF0263BB2FF00F1C5CA /* DependentView.swift in Sources */,
				F2868BD9263BB03600F1C5CA /* DependentListModelView.swift in Sources */,
				F2CAE184263BBE9A0010D29C /* SwiftUIView.swift in Sources */,
				F2868C06263BB6DC00F1C5CA /* ContentView.swift in Sources */,
				F24735B42637EC1D00C30BC8 /* AddDependentView.swift in Sources */,
				F2E02CA3260B760100B115DF /* COVID_APPUITests.swift in Sources */,
				F2CAE1AC263BBF130010D29C /* User.swift in Sources */,
				F2CAE181263BBE9A0010D29C /* HomeView.swift in Sources */,
				F2868BE0263BB1F100F1C5CA /* DependentModel.swift in Sources */,
				F2868BE7263BB24400F1C5CA /* DependentViewModel.swift in Sources */,
			);
			runOnlyForDeploymentPostprocessing = 0;
		};
/* End PBXSourcesBuildPhase section */

/* Begin PBXTargetDependency section */
		F2E02C95260B760100B115DF /* PBXTargetDependency */ = {
			isa = PBXTargetDependency;
			target = F2E02C81260B75FD00B115DF /* COVID-APP */;
			targetProxy = F2E02C94260B760100B115DF /* PBXContainerItemProxy */;
		};
		F2E02CA0260B760100B115DF /* PBXTargetDependency */ = {
			isa = PBXTargetDependency;
			target = F2E02C81260B75FD00B115DF /* COVID-APP */;
			targetProxy = F2E02C9F260B760100B115DF /* PBXContainerItemProxy */;
		};
/* End PBXTargetDependency section */

/* Begin XCBuildConfiguration section */
		F2E02CA5260B760100B115DF /* Debug */ = {
			isa = XCBuildConfiguration;
			buildSettings = {
				ALWAYS_SEARCH_USER_PATHS = NO;
				CLANG_ANALYZER_NONNULL = YES;
				CLANG_ANALYZER_NUMBER_OBJECT_CONVERSION = YES_AGGRESSIVE;
				CLANG_CXX_LANGUAGE_STANDARD = "gnu++14";
				CLANG_CXX_LIBRARY = "libc++";
				CLANG_ENABLE_MODULES = YES;
				CLANG_ENABLE_OBJC_ARC = YES;
				CLANG_ENABLE_OBJC_WEAK = YES;
				CLANG_WARN_BLOCK_CAPTURE_AUTORELEASING = YES;
				CLANG_WARN_BOOL_CONVERSION = YES;
				CLANG_WARN_COMMA = YES;
				CLANG_WARN_CONSTANT_CONVERSION = YES;
				CLANG_WARN_DEPRECATED_OBJC_IMPLEMENTATIONS = YES;
				CLANG_WARN_DIRECT_OBJC_ISA_USAGE = YES_ERROR;
				CLANG_WARN_DOCUMENTATION_COMMENTS = YES;
				CLANG_WARN_EMPTY_BODY = YES;
				CLANG_WARN_ENUM_CONVERSION = YES;
				CLANG_WARN_INFINITE_RECURSION = YES;
				CLANG_WARN_INT_CONVERSION = YES;
				CLANG_WARN_NON_LITERAL_NULL_CONVERSION = YES;
				CLANG_WARN_OBJC_IMPLICIT_RETAIN_SELF = YES;
				CLANG_WARN_OBJC_LITERAL_CONVERSION = YES;
				CLANG_WARN_OBJC_ROOT_CLASS = YES_ERROR;
				CLANG_WARN_QUOTED_INCLUDE_IN_FRAMEWORK_HEADER = YES;
				CLANG_WARN_RANGE_LOOP_ANALYSIS = YES;
				CLANG_WARN_STRICT_PROTOTYPES = YES;
				CLANG_WARN_SUSPICIOUS_MOVE = YES;
				CLANG_WARN_UNGUARDED_AVAILABILITY = YES_AGGRESSIVE;
				CLANG_WARN_UNREACHABLE_CODE = YES;
				CLANG_WARN__DUPLICATE_METHOD_MATCH = YES;
				COPY_PHASE_STRIP = NO;
				DEBUG_INFORMATION_FORMAT = dwarf;
				ENABLE_STRICT_OBJC_MSGSEND = YES;
				ENABLE_TESTABILITY = YES;
				GCC_C_LANGUAGE_STANDARD = gnu11;
				GCC_DYNAMIC_NO_PIC = NO;
				GCC_NO_COMMON_BLOCKS = YES;
				GCC_OPTIMIZATION_LEVEL = 0;
				GCC_PREPROCESSOR_DEFINITIONS = (
					"DEBUG=1",
					"$(inherited)",
				);
				GCC_WARN_64_TO_32_BIT_CONVERSION = YES;
				GCC_WARN_ABOUT_RETURN_TYPE = YES_ERROR;
				GCC_WARN_UNDECLARED_SELECTOR = YES;
				GCC_WARN_UNINITIALIZED_AUTOS = YES_AGGRESSIVE;
				GCC_WARN_UNUSED_FUNCTION = YES;
				GCC_WARN_UNUSED_VARIABLE = YES;
				IPHONEOS_DEPLOYMENT_TARGET = 14.4;
				MTL_ENABLE_DEBUG_INFO = INCLUDE_SOURCE;
				MTL_FAST_MATH = YES;
				ONLY_ACTIVE_ARCH = YES;
				SDKROOT = iphoneos;
				SWIFT_ACTIVE_COMPILATION_CONDITIONS = DEBUG;
				SWIFT_OPTIMIZATION_LEVEL = "-Onone";
			};
			name = Debug;
		};
		F2E02CA6260B760100B115DF /* Release */ = {
			isa = XCBuildConfiguration;
			buildSettings = {
				ALWAYS_SEARCH_USER_PATHS = NO;
				CLANG_ANALYZER_NONNULL = YES;
				CLANG_ANALYZER_NUMBER_OBJECT_CONVERSION = YES_AGGRESSIVE;
				CLANG_CXX_LANGUAGE_STANDARD = "gnu++14";
				CLANG_CXX_LIBRARY = "libc++";
				CLANG_ENABLE_MODULES = YES;
				CLANG_ENABLE_OBJC_ARC = YES;
				CLANG_ENABLE_OBJC_WEAK = YES;
				CLANG_WARN_BLOCK_CAPTURE_AUTORELEASING = YES;
				CLANG_WARN_BOOL_CONVERSION = YES;
				CLANG_WARN_COMMA = YES;
				CLANG_WARN_CONSTANT_CONVERSION = YES;
				CLANG_WARN_DEPRECATED_OBJC_IMPLEMENTATIONS = YES;
				CLANG_WARN_DIRECT_OBJC_ISA_USAGE = YES_ERROR;
				CLANG_WARN_DOCUMENTATION_COMMENTS = YES;
				CLANG_WARN_EMPTY_BODY = YES;
				CLANG_WARN_ENUM_CONVERSION = YES;
				CLANG_WARN_INFINITE_RECURSION = YES;
				CLANG_WARN_INT_CONVERSION = YES;
				CLANG_WARN_NON_LITERAL_NULL_CONVERSION = YES;
				CLANG_WARN_OBJC_IMPLICIT_RETAIN_SELF = YES;
				CLANG_WARN_OBJC_LITERAL_CONVERSION = YES;
				CLANG_WARN_OBJC_ROOT_CLASS = YES_ERROR;
				CLANG_WARN_QUOTED_INCLUDE_IN_FRAMEWORK_HEADER = YES;
				CLANG_WARN_RANGE_LOOP_ANALYSIS = YES;
				CLANG_WARN_STRICT_PROTOTYPES = YES;
				CLANG_WARN_SUSPICIOUS_MOVE = YES;
				CLANG_WARN_UNGUARDED_AVAILABILITY = YES_AGGRESSIVE;
				CLANG_WARN_UNREACHABLE_CODE = YES;
				CLANG_WARN__DUPLICATE_METHOD_MATCH = YES;
				COPY_PHASE_STRIP = NO;
				DEBUG_INFORMATION_FORMAT = "dwarf-with-dsym";
				ENABLE_NS_ASSERTIONS = NO;
				ENABLE_STRICT_OBJC_MSGSEND = YES;
				GCC_C_LANGUAGE_STANDARD = gnu11;
				GCC_NO_COMMON_BLOCKS = YES;
				GCC_WARN_64_TO_32_BIT_CONVERSION = YES;
				GCC_WARN_ABOUT_RETURN_TYPE = YES_ERROR;
				GCC_WARN_UNDECLARED_SELECTOR = YES;
				GCC_WARN_UNINITIALIZED_AUTOS = YES_AGGRESSIVE;
				GCC_WARN_UNUSED_FUNCTION = YES;
				GCC_WARN_UNUSED_VARIABLE = YES;
				IPHONEOS_DEPLOYMENT_TARGET = 14.4;
				MTL_ENABLE_DEBUG_INFO = NO;
				MTL_FAST_MATH = YES;
				SDKROOT = iphoneos;
				SWIFT_COMPILATION_MODE = wholemodule;
				SWIFT_OPTIMIZATION_LEVEL = "-O";
				VALIDATE_PRODUCT = YES;
			};
			name = Release;
		};
		F2E02CA8260B760100B115DF /* Debug */ = {
			isa = XCBuildConfiguration;
			buildSettings = {
				ASSETCATALOG_COMPILER_APPICON_NAME = AppIcon;
				ASSETCATALOG_COMPILER_GLOBAL_ACCENT_COLOR_NAME = AccentColor;
				CODE_SIGN_ENTITLEMENTS = "COVID-APP/COVID-APP.entitlements";
				CODE_SIGN_STYLE = Automatic;
				DEVELOPMENT_ASSET_PATHS = "\"COVID-APP/Preview Content\"";
				DEVELOPMENT_TEAM = 237N382NC4;
				ENABLE_PREVIEWS = YES;
				INFOPLIST_FILE = "COVID-APP/Info.plist";
				IPHONEOS_DEPLOYMENT_TARGET = 14.0;
				LD_RUNPATH_SEARCH_PATHS = (
					"$(inherited)",
					"@executable_path/Frameworks",
				);
				PRODUCT_BUNDLE_IDENTIFIER = "com.CSCI334.COVID-APP";
				PRODUCT_NAME = "$(TARGET_NAME)";
				SWIFT_VERSION = 5.0;
				TARGETED_DEVICE_FAMILY = "1,2";
			};
			name = Debug;
		};
		F2E02CA9260B760100B115DF /* Release */ = {
			isa = XCBuildConfiguration;
			buildSettings = {
				ASSETCATALOG_COMPILER_APPICON_NAME = AppIcon;
				ASSETCATALOG_COMPILER_GLOBAL_ACCENT_COLOR_NAME = AccentColor;
				CODE_SIGN_ENTITLEMENTS = "COVID-APP/COVID-APP.entitlements";
				CODE_SIGN_STYLE = Automatic;
				DEVELOPMENT_ASSET_PATHS = "\"COVID-APP/Preview Content\"";
				DEVELOPMENT_TEAM = 237N382NC4;
				ENABLE_PREVIEWS = YES;
				INFOPLIST_FILE = "COVID-APP/Info.plist";
				IPHONEOS_DEPLOYMENT_TARGET = 14.0;
				LD_RUNPATH_SEARCH_PATHS = (
					"$(inherited)",
					"@executable_path/Frameworks",
				);
				PRODUCT_BUNDLE_IDENTIFIER = "com.CSCI334.COVID-APP";
				PRODUCT_NAME = "$(TARGET_NAME)";
				SWIFT_VERSION = 5.0;
				TARGETED_DEVICE_FAMILY = "1,2";
			};
			name = Release;
		};
		F2E02CAB260B760100B115DF /* Debug */ = {
			isa = XCBuildConfiguration;
			buildSettings = {
				ALWAYS_EMBED_SWIFT_STANDARD_LIBRARIES = YES;
				BUNDLE_LOADER = "$(TEST_HOST)";
				CODE_SIGN_STYLE = Automatic;
				INFOPLIST_FILE = "COVID-APPTests/Info.plist";
				IPHONEOS_DEPLOYMENT_TARGET = 14.0;
				LD_RUNPATH_SEARCH_PATHS = (
					"$(inherited)",
					"@executable_path/Frameworks",
					"@loader_path/Frameworks",
				);
				PRODUCT_BUNDLE_IDENTIFIER = "com.CSCI334.COVID-APPTests";
				PRODUCT_NAME = "$(TARGET_NAME)";
				SWIFT_VERSION = 5.0;
				TARGETED_DEVICE_FAMILY = "1,2";
				TEST_HOST = "$(BUILT_PRODUCTS_DIR)/COVID-APP.app/COVID-APP";
			};
			name = Debug;
		};
		F2E02CAC260B760100B115DF /* Release */ = {
			isa = XCBuildConfiguration;
			buildSettings = {
				ALWAYS_EMBED_SWIFT_STANDARD_LIBRARIES = YES;
				BUNDLE_LOADER = "$(TEST_HOST)";
				CODE_SIGN_STYLE = Automatic;
				INFOPLIST_FILE = "COVID-APPTests/Info.plist";
				IPHONEOS_DEPLOYMENT_TARGET = 14.0;
				LD_RUNPATH_SEARCH_PATHS = (
					"$(inherited)",
					"@executable_path/Frameworks",
					"@loader_path/Frameworks",
				);
				PRODUCT_BUNDLE_IDENTIFIER = "com.CSCI334.COVID-APPTests";
				PRODUCT_NAME = "$(TARGET_NAME)";
				SWIFT_VERSION = 5.0;
				TARGETED_DEVICE_FAMILY = "1,2";
				TEST_HOST = "$(BUILT_PRODUCTS_DIR)/COVID-APP.app/COVID-APP";
			};
			name = Release;
		};
		F2E02CAE260B760100B115DF /* Debug */ = {
			isa = XCBuildConfiguration;
			buildSettings = {
				ALWAYS_EMBED_SWIFT_STANDARD_LIBRARIES = YES;
				CODE_SIGN_STYLE = Automatic;
				INFOPLIST_FILE = "COVID-APPUITests/Info.plist";
				LD_RUNPATH_SEARCH_PATHS = (
					"$(inherited)",
					"@executable_path/Frameworks",
					"@loader_path/Frameworks",
				);
				PRODUCT_BUNDLE_IDENTIFIER = "com.CSCI334.COVID-APPUITests";
				PRODUCT_NAME = "$(TARGET_NAME)";
				SWIFT_VERSION = 5.0;
				TARGETED_DEVICE_FAMILY = "1,2";
				TEST_TARGET_NAME = "COVID-APP";
			};
			name = Debug;
		};
		F2E02CAF260B760100B115DF /* Release */ = {
			isa = XCBuildConfiguration;
			buildSettings = {
				ALWAYS_EMBED_SWIFT_STANDARD_LIBRARIES = YES;
				CODE_SIGN_STYLE = Automatic;
				INFOPLIST_FILE = "COVID-APPUITests/Info.plist";
				LD_RUNPATH_SEARCH_PATHS = (
					"$(inherited)",
					"@executable_path/Frameworks",
					"@loader_path/Frameworks",
				);
				PRODUCT_BUNDLE_IDENTIFIER = "com.CSCI334.COVID-APPUITests";
				PRODUCT_NAME = "$(TARGET_NAME)";
				SWIFT_VERSION = 5.0;
				TARGETED_DEVICE_FAMILY = "1,2";
				TEST_TARGET_NAME = "COVID-APP";
			};
			name = Release;
		};
/* End XCBuildConfiguration section */

/* Begin XCConfigurationList section */
		F2E02C7D260B75FD00B115DF /* Build configuration list for PBXProject "COVID-APP" */ = {
			isa = XCConfigurationList;
			buildConfigurations = (
				F2E02CA5260B760100B115DF /* Debug */,
				F2E02CA6260B760100B115DF /* Release */,
			);
			defaultConfigurationIsVisible = 0;
			defaultConfigurationName = Release;
		};
		F2E02CA7260B760100B115DF /* Build configuration list for PBXNativeTarget "COVID-APP" */ = {
			isa = XCConfigurationList;
			buildConfigurations = (
				F2E02CA8260B760100B115DF /* Debug */,
				F2E02CA9260B760100B115DF /* Release */,
			);
			defaultConfigurationIsVisible = 0;
			defaultConfigurationName = Release;
		};
		F2E02CAA260B760100B115DF /* Build configuration list for PBXNativeTarget "COVID-APPTests" */ = {
			isa = XCConfigurationList;
			buildConfigurations = (
				F2E02CAB260B760100B115DF /* Debug */,
				F2E02CAC260B760100B115DF /* Release */,
			);
			defaultConfigurationIsVisible = 0;
			defaultConfigurationName = Release;
		};
		F2E02CAD260B760100B115DF /* Build configuration list for PBXNativeTarget "COVID-APPUITests" */ = {
			isa = XCConfigurationList;
			buildConfigurations = (
				F2E02CAE260B760100B115DF /* Debug */,
				F2E02CAF260B760100B115DF /* Release */,
			);
			defaultConfigurationIsVisible = 0;
			defaultConfigurationName = Release;
		};
/* End XCConfigurationList section */

/* Begin XCRemoteSwiftPackageReference section */
		445D90A7265136B200220E19 /* XCRemoteSwiftPackageReference "CodeScanner" */ = {
			isa = XCRemoteSwiftPackageReference;
			repositoryURL = "https://github.com/twostraws/CodeScanner";
			requirement = {
				kind = upToNextMajorVersion;
				minimumVersion = 1.0.7;
			};
		};
		F2A57628263AFEBF0077AA90 /* XCRemoteSwiftPackageReference "firebase-ios-sdk" */ = {
			isa = XCRemoteSwiftPackageReference;
			repositoryURL = "https://github.com/firebase/firebase-ios-sdk.git";
			requirement = {
				kind = upToNextMajorVersion;
				minimumVersion = 7.11.1;
			};
		};
/* End XCRemoteSwiftPackageReference section */

/* Begin XCSwiftPackageProductDependency section */
		445D90A8265136B200220E19 /* CodeScanner */ = {
			isa = XCSwiftPackageProductDependency;
			package = 445D90A7265136B200220E19 /* XCRemoteSwiftPackageReference "CodeScanner" */;
			productName = CodeScanner;
		};
		F2A57629263AFEBF0077AA90 /* FirebaseFirestoreSwift-Beta */ = {
			isa = XCSwiftPackageProductDependency;
			package = F2A57628263AFEBF0077AA90 /* XCRemoteSwiftPackageReference "firebase-ios-sdk" */;
			productName = "FirebaseFirestoreSwift-Beta";
		};
		F2A5762B263AFEBF0077AA90 /* FirebaseStorage */ = {
			isa = XCSwiftPackageProductDependency;
			package = F2A57628263AFEBF0077AA90 /* XCRemoteSwiftPackageReference "firebase-ios-sdk" */;
			productName = FirebaseStorage;
		};
		F2A5762D263AFEBF0077AA90 /* FirebaseAuth */ = {
			isa = XCSwiftPackageProductDependency;
			package = F2A57628263AFEBF0077AA90 /* XCRemoteSwiftPackageReference "firebase-ios-sdk" */;
			productName = FirebaseAuth;
		};
		F2A5762F263AFEBF0077AA90 /* FirebaseFirestore */ = {
			isa = XCSwiftPackageProductDependency;
			package = F2A57628263AFEBF0077AA90 /* XCRemoteSwiftPackageReference "firebase-ios-sdk" */;
			productName = FirebaseFirestore;
		};
		F2A57631263AFEBF0077AA90 /* FirebaseStorageSwift-Beta */ = {
			isa = XCSwiftPackageProductDependency;
			package = F2A57628263AFEBF0077AA90 /* XCRemoteSwiftPackageReference "firebase-ios-sdk" */;
			productName = "FirebaseStorageSwift-Beta";
		};
/* End XCSwiftPackageProductDependency section */
	};
	rootObject = F2E02C7A260B75FD00B115DF /* Project object */;
}
